{
  "pins" : [
    {
      "identity" : "flow",
      "kind" : "remoteSourceControl",
      "location" : "https://github.com/iZettle/Flow.git",
      "state" : {
        "branch" : "bump-ios-min-deployment-target",
        "revision" : "10f5108b34fe528f885d9a97513eb8dc43300d4e"
      }
    }
  ],
  "version" : 2
}
