{
  "object": {
    "pins": [
      {
        "package": "Flow",
        "repositoryURL": "https://github.com/izettle/Flow.git",
        "state": {
          "branch": null,
          "revision": "fce5caed4500e490c8fadcd28893a7f207438bfe",
          "version": null
        }
      }
    ]
  },
  "version": 1
}
