{
  "originHash" : "af8820cba803a4990a87c58fd7afcb8f3aaf40249a6881c2c5b1e0a7921389a5",
  "pins" : [
    {
      "identity" : "flow",
      "kind" : "remoteSourceControl",
      "location" : "https://github.com/iZettle/Flow.git",
      "state" : {
        "revision" : "bbc4cabcdf9e7a47661ede841cf45e370db79eb3",
        "version" : "1.12.0"
      }
    }
  ],
  "version" : 3
}
