{
  "originHash" : "af8820cba803a4990a87c58fd7afcb8f3aaf40249a6881c2c5b1e0a7921389a5",
  "pins" : [
    {
      "identity" : "flow",
      "kind" : "remoteSourceControl",
      "location" : "https://github.com/iZettle/Flow.git",
      "state" : {
        "branch" : "bump-ios-min-deployment-target",
        "revision" : "10f5108b34fe528f885d9a97513eb8dc43300d4e"
      }
    }
  ],
  "version" : 3
}
