{
  "pins" : [
    {
      "identity" : "flow",
      "kind" : "remoteSourceControl",
      "location" : "https://github.com/izettle/Flow.git",
      "state" : {
        "revision" : "ad38c734f16a404de8895236424bc4acc5355a3d",
        "version" : "1.10.1"
      }
    },
    {
      "identity" : "form",
      "kind" : "remoteSourceControl",
      "location" : "https://github.com/iZettle/Form.git",
      "state" : {
        "revision" : "6eee6b0b49c5f178e15339760fdb05cbbfdf5e07",
        "version" : "4.0.0"
      }
    },
    {
      "identity" : "presentation",
      "kind" : "remoteSourceControl",
      "location" : "https://github.com/iZettle/Presentation.git",
      "state" : {
        "revision" : "491735c045a0e61e4e2536a2da41b347c533d7e6",
        "version" : "1.15.2"
      }
    }
  ],
  "version" : 2
}
