{
  "object": {
    "pins": [
      {
        "package": "Flow",
        "repositoryURL": "https://github.com/izettle/Flow.git",
        "state": {
          "branch": null,
          "revision": "cae0957c8ccd8e4ec8c4bbe533579a421d4d654d",
          "version": "1.8.3"
        }
      },
      {
        "package": "Form",
        "repositoryURL": "https://github.com/iZettle/Form",
        "state": {
          "branch": "master",
          "revision": "199982a3a75b7d8ecc28ff2871fb09096c54b419",
          "version": null
        }
      }
    ]
  },
  "version": 1
}
