{
  "object": {
    "pins": [
      {
        "package": "Flow",
        "repositoryURL": "https://github.com/izettle/Flow.git",
        "state": {
          "branch": null,
          "revision": "0563b5bc4b3a5a4869f9d7ff498a8de5031e3dc5",
          "version": "1.8.3"
        }
      },
      {
        "package": "Form",
        "repositoryURL": "https://github.com/iZettle/Form",
        "state": {
          "branch": "master",
          "revision": "bde9cd6f47de3fba0ff55dcad7224ce3ac37b0bb",
          "version": null
        }
      }
    ]
  },
  "version": 1
}
